// !$*UTF8*$!
{
	archiveVersion = 1;
	classes = {
	};
	objectVersion = 56;
	objects = {

/* Begin PBXBuildFile section */
		DA3D2F992945142800DD9A79 /* HexagonParameters.swift in Sources */ = {isa = PBXBuildFile; fileRef = DA3D2F982945142700DD9A79 /* HexagonParameters.swift */; };
		DABDAFA529426AF6001BDC23 /* LandmarksApp.swift in Sources */ = {isa = PBXBuildFile; fileRef = DABDAFA429426AF6001BDC23 /* LandmarksApp.swift */; };
		DABDAFA929426AF8001BDC23 /* Assets.xcassets in Resources */ = {isa = PBXBuildFile; fileRef = DABDAFA829426AF8001BDC23 /* Assets.xcassets */; };
		DABDAFAC29426AF8001BDC23 /* Preview Assets.xcassets in Resources */ = {isa = PBXBuildFile; fileRef = DABDAFAB29426AF8001BDC23 /* Preview Assets.xcassets */; };
		DABDAFB429427046001BDC23 /* CircleImage.swift in Sources */ = {isa = PBXBuildFile; fileRef = DABDAFB329427046001BDC23 /* CircleImage.swift */; };
		DABDAFB6294271E4001BDC23 /* MapView.swift in Sources */ = {isa = PBXBuildFile; fileRef = DABDAFB5294271E4001BDC23 /* MapView.swift */; };
		DABDAFB8294278E9001BDC23 /* Landmark.swift in Sources */ = {isa = PBXBuildFile; fileRef = DABDAFB7294278E9001BDC23 /* Landmark.swift */; };
		DABDAFBA29427AFC001BDC23 /* ModelData.swift in Sources */ = {isa = PBXBuildFile; fileRef = DABDAFB929427AFC001BDC23 /* ModelData.swift */; };
		DABDAFBE29427BEB001BDC23 /* landmarkData.json in Resources */ = {isa = PBXBuildFile; fileRef = DABDAFBD29427BEB001BDC23 /* landmarkData.json */; };
		DABDAFC029427C82001BDC23 /* LandmarkRow.swift in Sources */ = {isa = PBXBuildFile; fileRef = DABDAFBF29427C82001BDC23 /* LandmarkRow.swift */; };
		DABDAFC229427F91001BDC23 /* LandmarkList.swift in Sources */ = {isa = PBXBuildFile; fileRef = DABDAFC129427F91001BDC23 /* LandmarkList.swift */; };
		DABDAFC429428491001BDC23 /* LandmarkDetail.swift in Sources */ = {isa = PBXBuildFile; fileRef = DABDAFC329428491001BDC23 /* LandmarkDetail.swift */; };
		DABDAFC62942853A001BDC23 /* ContentView.swift in Sources */ = {isa = PBXBuildFile; fileRef = DABDAFC52942853A001BDC23 /* ContentView.swift */; };
		DAF623AC2944C29F00748869 /* FavoriteButton.swift in Sources */ = {isa = PBXBuildFile; fileRef = DAF623AB2944C29F00748869 /* FavoriteButton.swift */; };
/* End PBXBuildFile section */

/* Begin PBXFileReference section */
		DA3D2F982945142700DD9A79 /* HexagonParameters.swift */ = {isa = PBXFileReference; lastKnownFileType = sourcecode.swift; path = HexagonParameters.swift; sourceTree = "<group>"; };
		DABDAFA129426AF6001BDC23 /* Landmarks.app */ = {isa = PBXFileReference; explicitFileType = wrapper.application; includeInIndex = 0; path = Landmarks.app; sourceTree = BUILT_PRODUCTS_DIR; };
		DABDAFA429426AF6001BDC23 /* LandmarksApp.swift */ = {isa = PBXFileReference; lastKnownFileType = sourcecode.swift; path = LandmarksApp.swift; sourceTree = "<group>"; };
		DABDAFA829426AF8001BDC23 /* Assets.xcassets */ = {isa = PBXFileReference; lastKnownFileType = folder.assetcatalog; path = Assets.xcassets; sourceTree = "<group>"; };
		DABDAFAB29426AF8001BDC23 /* Preview Assets.xcassets */ = {isa = PBXFileReference; lastKnownFileType = folder.assetcatalog; path = "Preview Assets.xcassets"; sourceTree = "<group>"; };
		DABDAFB329427046001BDC23 /* CircleImage.swift */ = {isa = PBXFileReference; lastKnownFileType = sourcecode.swift; path = CircleImage.swift; sourceTree = "<group>"; };
		DABDAFB5294271E4001BDC23 /* MapView.swift */ = {isa = PBXFileReference; lastKnownFileType = sourcecode.swift; path = MapView.swift; sourceTree = "<group>"; };
		DABDAFB7294278E9001BDC23 /* Landmark.swift */ = {isa = PBXFileReference; lastKnownFileType = sourcecode.swift; path = Landmark.swift; sourceTree = "<group>"; };
		DABDAFB929427AFC001BDC23 /* ModelData.swift */ = {isa = PBXFileReference; lastKnownFileType = sourcecode.swift; path = ModelData.swift; sourceTree = "<group>"; };
		DABDAFBD29427BEB001BDC23 /* landmarkData.json */ = {isa = PBXFileReference; fileEncoding = 4; lastKnownFileType = text.json; path = landmarkData.json; sourceTree = "<group>"; };
		DABDAFBF29427C82001BDC23 /* LandmarkRow.swift */ = {isa = PBXFileReference; lastKnownFileType = sourcecode.swift; path = LandmarkRow.swift; sourceTree = "<group>"; };
		DABDAFC129427F91001BDC23 /* LandmarkList.swift */ = {isa = PBXFileReference; lastKnownFileType = sourcecode.swift; path = LandmarkList.swift; sourceTree = "<group>"; };
		DABDAFC329428491001BDC23 /* LandmarkDetail.swift */ = {isa = PBXFileReference; lastKnownFileType = sourcecode.swift; path = LandmarkDetail.swift; sourceTree = "<group>"; };
		DABDAFC52942853A001BDC23 /* ContentView.swift */ = {isa = PBXFileReference; lastKnownFileType = sourcecode.swift; path = ContentView.swift; sourceTree = "<group>"; };
		DAF623AB2944C29F00748869 /* FavoriteButton.swift */ = {isa = PBXFileReference; lastKnownFileType = sourcecode.swift; path = FavoriteButton.swift; sourceTree = "<group>"; };
/* End PBXFileReference section */

/* Begin PBXFrameworksBuildPhase section */
		DABDAF9E29426AF6001BDC23 /* Frameworks */ = {
			isa = PBXFrameworksBuildPhase;
			buildActionMask = 2147483647;
			files = (
			);
			runOnlyForDeploymentPostprocessing = 0;
		};
/* End PBXFrameworksBuildPhase section */

/* Begin PBXGroup section */
		DABDAF9829426AF6001BDC23 = {
			isa = PBXGroup;
			children = (
				DABDAFA329426AF6001BDC23 /* Landmarks */,
				DABDAFA229426AF6001BDC23 /* Products */,
			);
			sourceTree = "<group>";
		};
		DABDAFA229426AF6001BDC23 /* Products */ = {
			isa = PBXGroup;
			children = (
				DABDAFA129426AF6001BDC23 /* Landmarks.app */,
			);
			name = Products;
			sourceTree = "<group>";
		};
		DABDAFA329426AF6001BDC23 /* Landmarks */ = {
			isa = PBXGroup;
			children = (
				DABDAFA429426AF6001BDC23 /* LandmarksApp.swift */,
				DABDAFBB29427B9A001BDC23 /* Model */,
				DABDAFBC29427BAA001BDC23 /* Views */,
				DABDAFB229426FDC001BDC23 /* Resources */,
				DABDAFAA29426AF8001BDC23 /* Preview Content */,
				DA3D2F982945142700DD9A79 /* HexagonParameters.swift */,
			);
			path = Landmarks;
			sourceTree = "<group>";
		};
		DABDAFAA29426AF8001BDC23 /* Preview Content */ = {
			isa = PBXGroup;
			children = (
				DABDAFAB29426AF8001BDC23 /* Preview Assets.xcassets */,
			);
			path = "Preview Content";
			sourceTree = "<group>";
		};
		DABDAFB229426FDC001BDC23 /* Resources */ = {
			isa = PBXGroup;
			children = (
				DABDAFBD29427BEB001BDC23 /* landmarkData.json */,
				DABDAFA829426AF8001BDC23 /* Assets.xcassets */,
			);
			path = Resources;
			sourceTree = "<group>";
		};
		DABDAFBB29427B9A001BDC23 /* Model */ = {
			isa = PBXGroup;
			children = (
				DABDAFB929427AFC001BDC23 /* ModelData.swift */,
				DABDAFB7294278E9001BDC23 /* Landmark.swift */,
			);
			path = Model;
			sourceTree = "<group>";
		};
		DABDAFBC29427BAA001BDC23 /* Views */ = {
			isa = PBXGroup;
			children = (
				DABDAFC52942853A001BDC23 /* ContentView.swift */,
				DAF623AD2944C47D00748869 /* Landmarks */,
				DAF623AE2944C49100748869 /* Helpers */,
			);
			path = Views;
			sourceTree = "<group>";
		};
		DAF623AD2944C47D00748869 /* Landmarks */ = {
			isa = PBXGroup;
			children = (
				DABDAFC129427F91001BDC23 /* LandmarkList.swift */,
				DABDAFBF29427C82001BDC23 /* LandmarkRow.swift */,
				DABDAFC329428491001BDC23 /* LandmarkDetail.swift */,
			);
			path = Landmarks;
			sourceTree = "<group>";
		};
		DAF623AE2944C49100748869 /* Helpers */ = {
			isa = PBXGroup;
			children = (
				DABDAFB329427046001BDC23 /* CircleImage.swift */,
				DABDAFB5294271E4001BDC23 /* MapView.swift */,
				DAF623AB2944C29F00748869 /* FavoriteButton.swift */,
			);
			path = Helpers;
			sourceTree = "<group>";
		};
/* End PBXGroup section */

/* Begin PBXNativeTarget section */
		DABDAFA029426AF6001BDC23 /* Landmarks */ = {
			isa = PBXNativeTarget;
			buildConfigurationList = DABDAFAF29426AF8001BDC23 /* Build configuration list for PBXNativeTarget "Landmarks" */;
			buildPhases = (
				DABDAF9D29426AF6001BDC23 /* Sources */,
				DABDAF9E29426AF6001BDC23 /* Frameworks */,
				DABDAF9F29426AF6001BDC23 /* Resources */,
			);
			buildRules = (
			);
			dependencies = (
			);
			name = Landmarks;
			productName = Landmarks;
			productReference = DABDAFA129426AF6001BDC23 /* Landmarks.app */;
			productType = "com.apple.product-type.application";
		};
/* End PBXNativeTarget section */

/* Begin PBXProject section */
		DABDAF9929426AF6001BDC23 /* Project object */ = {
			isa = PBXProject;
			attributes = {
				BuildIndependentTargetsInParallel = 1;
				LastSwiftUpdateCheck = 1400;
				LastUpgradeCheck = 1400;
				TargetAttributes = {
					DABDAFA029426AF6001BDC23 = {
						CreatedOnToolsVersion = 14.0.1;
					};
				};
			};
			buildConfigurationList = DABDAF9C29426AF6001BDC23 /* Build configuration list for PBXProject "Landmarks" */;
			compatibilityVersion = "Xcode 14.0";
			developmentRegion = en;
			hasScannedForEncodings = 0;
			knownRegions = (
				en,
				Base,
			);
			mainGroup = DABDAF9829426AF6001BDC23;
			productRefGroup = DABDAFA229426AF6001BDC23 /* Products */;
			projectDirPath = "";
			projectRoot = "";
			targets = (
				DABDAFA029426AF6001BDC23 /* Landmarks */,
			);
		};
/* End PBXProject section */

/* Begin PBXResourcesBuildPhase section */
		DABDAF9F29426AF6001BDC23 /* Resources */ = {
			isa = PBXResourcesBuildPhase;
			buildActionMask = 2147483647;
			files = (
				DABDAFAC29426AF8001BDC23 /* Preview Assets.xcassets in Resources */,
				DABDAFA929426AF8001BDC23 /* Assets.xcassets in Resources */,
				DABDAFBE29427BEB001BDC23 /* landmarkData.json in Resources */,
			);
			runOnlyForDeploymentPostprocessing = 0;
		};
/* End PBXResourcesBuildPhase section */

/* Begin PBXSourcesBuildPhase section */
		DABDAF9D29426AF6001BDC23 /* Sources */ = {
			isa = PBXSourcesBuildPhase;
			buildActionMask = 2147483647;
			files = (
				DABDAFB6294271E4001BDC23 /* MapView.swift in Sources */,
				DABDAFA529426AF6001BDC23 /* LandmarksApp.swift in Sources */,
				DABDAFC229427F91001BDC23 /* LandmarkList.swift in Sources */,
				DAF623AC2944C29F00748869 /* FavoriteButton.swift in Sources */,
				DA3D2F992945142800DD9A79 /* HexagonParameters.swift in Sources */,
				DABDAFC429428491001BDC23 /* LandmarkDetail.swift in Sources */,
				DABDAFBA29427AFC001BDC23 /* ModelData.swift in Sources */,
				DABDAFC62942853A001BDC23 /* ContentView.swift in Sources */,
				DABDAFB429427046001BDC23 /* CircleImage.swift in Sources */,
				DABDAFC029427C82001BDC23 /* LandmarkRow.swift in Sources */,
				DABDAFB8294278E9001BDC23 /* Landmark.swift in Sources */,
			);
			runOnlyForDeploymentPostprocessing = 0;
		};
/* End PBXSourcesBuildPhase section */

/* Begin XCBuildConfiguration section */
		DABDAFAD29426AF8001BDC23 /* Debug */ = {
			isa = XCBuildConfiguration;
			buildSettings = {
				ALWAYS_SEARCH_USER_PATHS = NO;
				CLANG_ANALYZER_NONNULL = YES;
				CLANG_ANALYZER_NUMBER_OBJECT_CONVERSION = YES_AGGRESSIVE;
				CLANG_CXX_LANGUAGE_STANDARD = "gnu++20";
				CLANG_ENABLE_MODULES = YES;
				CLANG_ENABLE_OBJC_ARC = YES;
				CLANG_ENABLE_OBJC_WEAK = YES;
				CLANG_WARN_BLOCK_CAPTURE_AUTORELEASING = YES;
				CLANG_WARN_BOOL_CONVERSION = YES;
				CLANG_WARN_COMMA = YES;
				CLANG_WARN_CONSTANT_CONVERSION = YES;
				CLANG_WARN_DEPRECATED_OBJC_IMPLEMENTATIONS = YES;
				CLANG_WARN_DIRECT_OBJC_ISA_USAGE = YES_ERROR;
				CLANG_WARN_DOCUMENTATION_COMMENTS = YES;
				CLANG_WARN_EMPTY_BODY = YES;
				CLANG_WARN_ENUM_CONVERSION = YES;
				CLANG_WARN_INFINITE_RECURSION = YES;
				CLANG_WARN_INT_CONVERSION = YES;
				CLANG_WARN_NON_LITERAL_NULL_CONVERSION = YES;
				CLANG_WARN_OBJC_IMPLICIT_RETAIN_SELF = YES;
				CLANG_WARN_OBJC_LITERAL_CONVERSION = YES;
				CLANG_WARN_OBJC_ROOT_CLASS = YES_ERROR;
				CLANG_WARN_QUOTED_INCLUDE_IN_FRAMEWORK_HEADER = YES;
				CLANG_WARN_RANGE_LOOP_ANALYSIS = YES;
				CLANG_WARN_STRICT_PROTOTYPES = YES;
				CLANG_WARN_SUSPICIOUS_MOVE = YES;
				CLANG_WARN_UNGUARDED_AVAILABILITY = YES_AGGRESSIVE;
				CLANG_WARN_UNREACHABLE_CODE = YES;
				CLANG_WARN__DUPLICATE_METHOD_MATCH = YES;
				COPY_PHASE_STRIP = NO;
				DEBUG_INFORMATION_FORMAT = dwarf;
				ENABLE_STRICT_OBJC_MSGSEND = YES;
				ENABLE_TESTABILITY = YES;
				GCC_C_LANGUAGE_STANDARD = gnu11;
				GCC_DYNAMIC_NO_PIC = NO;
				GCC_NO_COMMON_BLOCKS = YES;
				GCC_OPTIMIZATION_LEVEL = 0;
				GCC_PREPROCESSOR_DEFINITIONS = (
					"DEBUG=1",
					"$(inherited)",
				);
				GCC_WARN_64_TO_32_BIT_CONVERSION = YES;
				GCC_WARN_ABOUT_RETURN_TYPE = YES_ERROR;
				GCC_WARN_UNDECLARED_SELECTOR = YES;
				GCC_WARN_UNINITIALIZED_AUTOS = YES_AGGRESSIVE;
				GCC_WARN_UNUSED_FUNCTION = YES;
				GCC_WARN_UNUSED_VARIABLE = YES;
				IPHONEOS_DEPLOYMENT_TARGET = 16.0;
				MTL_ENABLE_DEBUG_INFO = INCLUDE_SOURCE;
				MTL_FAST_MATH = YES;
				ONLY_ACTIVE_ARCH = YES;
				SDKROOT = iphoneos;
				SWIFT_ACTIVE_COMPILATION_CONDITIONS = DEBUG;
				SWIFT_OPTIMIZATION_LEVEL = "-Onone";
			};
			name = Debug;
		};
		DABDAFAE29426AF8001BDC23 /* Release */ = {
			isa = XCBuildConfiguration;
			buildSettings = {
				ALWAYS_SEARCH_USER_PATHS = NO;
				CLANG_ANALYZER_NONNULL = YES;
				CLANG_ANALYZER_NUMBER_OBJECT_CONVERSION = YES_AGGRESSIVE;
				CLANG_CXX_LANGUAGE_STANDARD = "gnu++20";
				CLANG_ENABLE_MODULES = YES;
				CLANG_ENABLE_OBJC_ARC = YES;
				CLANG_ENABLE_OBJC_WEAK = YES;
				CLANG_WARN_BLOCK_CAPTURE_AUTORELEASING = YES;
				CLANG_WARN_BOOL_CONVERSION = YES;
				CLANG_WARN_COMMA = YES;
				CLANG_WARN_CONSTANT_CONVERSION = YES;
				CLANG_WARN_DEPRECATED_OBJC_IMPLEMENTATIONS = YES;
				CLANG_WARN_DIRECT_OBJC_ISA_USAGE = YES_ERROR;
				CLANG_WARN_DOCUMENTATION_COMMENTS = YES;
				CLANG_WARN_EMPTY_BODY = YES;
				CLANG_WARN_ENUM_CONVERSION = YES;
				CLANG_WARN_INFINITE_RECURSION = YES;
				CLANG_WARN_INT_CONVERSION = YES;
				CLANG_WARN_NON_LITERAL_NULL_CONVERSION = YES;
				CLANG_WARN_OBJC_IMPLICIT_RETAIN_SELF = YES;
				CLANG_WARN_OBJC_LITERAL_CONVERSION = YES;
				CLANG_WARN_OBJC_ROOT_CLASS = YES_ERROR;
				CLANG_WARN_QUOTED_INCLUDE_IN_FRAMEWORK_HEADER = YES;
				CLANG_WARN_RANGE_LOOP_ANALYSIS = YES;
				CLANG_WARN_STRICT_PROTOTYPES = YES;
				CLANG_WARN_SUSPICIOUS_MOVE = YES;
				CLANG_WARN_UNGUARDED_AVAILABILITY = YES_AGGRESSIVE;
				CLANG_WARN_UNREACHABLE_CODE = YES;
				CLANG_WARN__DUPLICATE_METHOD_MATCH = YES;
				COPY_PHASE_STRIP = NO;
				DEBUG_INFORMATION_FORMAT = "dwarf-with-dsym";
				ENABLE_NS_ASSERTIONS = NO;
				ENABLE_STRICT_OBJC_MSGSEND = YES;
				GCC_C_LANGUAGE_STANDARD = gnu11;
				GCC_NO_COMMON_BLOCKS = YES;
				GCC_WARN_64_TO_32_BIT_CONVERSION = YES;
				GCC_WARN_ABOUT_RETURN_TYPE = YES_ERROR;
				GCC_WARN_UNDECLARED_SELECTOR = YES;
				GCC_WARN_UNINITIALIZED_AUTOS = YES_AGGRESSIVE;
				GCC_WARN_UNUSED_FUNCTION = YES;
				GCC_WARN_UNUSED_VARIABLE = YES;
				IPHONEOS_DEPLOYMENT_TARGET = 16.0;
				MTL_ENABLE_DEBUG_INFO = NO;
				MTL_FAST_MATH = YES;
				SDKROOT = iphoneos;
				SWIFT_COMPILATION_MODE = wholemodule;
				SWIFT_OPTIMIZATION_LEVEL = "-O";
				VALIDATE_PRODUCT = YES;
			};
			name = Release;
		};
		DABDAFB029426AF8001BDC23 /* Debug */ = {
			isa = XCBuildConfiguration;
			buildSettings = {
				ASSETCATALOG_COMPILER_APPICON_NAME = AppIcon;
				ASSETCATALOG_COMPILER_GLOBAL_ACCENT_COLOR_NAME = AccentColor;
				CODE_SIGN_STYLE = Automatic;
				CURRENT_PROJECT_VERSION = 1;
				DEVELOPMENT_ASSET_PATHS = "\"Landmarks/Preview Content\"";
				ENABLE_PREVIEWS = YES;
				GENERATE_INFOPLIST_FILE = YES;
				INFOPLIST_KEY_UIApplicationSceneManifest_Generation = YES;
				INFOPLIST_KEY_UIApplicationSupportsIndirectInputEvents = YES;
				INFOPLIST_KEY_UILaunchScreen_Generation = YES;
				INFOPLIST_KEY_UISupportedInterfaceOrientations_iPad = "UIInterfaceOrientationPortrait UIInterfaceOrientationPortraitUpsideDown UIInterfaceOrientationLandscapeLeft UIInterfaceOrientationLandscapeRight";
				INFOPLIST_KEY_UISupportedInterfaceOrientations_iPhone = "UIInterfaceOrientationPortrait UIInterfaceOrientationLandscapeLeft UIInterfaceOrientationLandscapeRight";
				IPHONEOS_DEPLOYMENT_TARGET = 16.0;
				LD_RUNPATH_SEARCH_PATHS = (
					"$(inherited)",
					"@executable_path/Frameworks",
				);
				MARKETING_VERSION = 1.0;
				PRODUCT_BUNDLE_IDENTIFIER = "Nikita-Chekan.Landmarks";
				PRODUCT_NAME = "$(TARGET_NAME)";
				SWIFT_EMIT_LOC_STRINGS = YES;
				SWIFT_VERSION = 5.0;
				TARGETED_DEVICE_FAMILY = "1,2";
			};
			name = Debug;
		};
		DABDAFB129426AF8001BDC23 /* Release */ = {
			isa = XCBuildConfiguration;
			buildSettings = {
				ASSETCATALOG_COMPILER_APPICON_NAME = AppIcon;
				ASSETCATALOG_COMPILER_GLOBAL_ACCENT_COLOR_NAME = AccentColor;
				CODE_SIGN_STYLE = Automatic;
				CURRENT_PROJECT_VERSION = 1;
				DEVELOPMENT_ASSET_PATHS = "\"Landmarks/Preview Content\"";
				ENABLE_PREVIEWS = YES;
				GENERATE_INFOPLIST_FILE = YES;
				INFOPLIST_KEY_UIApplicationSceneManifest_Generation = YES;
				INFOPLIST_KEY_UIApplicationSupportsIndirectInputEvents = YES;
				INFOPLIST_KEY_UILaunchScreen_Generation = YES;
				INFOPLIST_KEY_UISupportedInterfaceOrientations_iPad = "UIInterfaceOrientationPortrait UIInterfaceOrientationPortraitUpsideDown UIInterfaceOrientationLandscapeLeft UIInterfaceOrientationLandscapeRight";
				INFOPLIST_KEY_UISupportedInterfaceOrientations_iPhone = "UIInterfaceOrientationPortrait UIInterfaceOrientationLandscapeLeft UIInterfaceOrientationLandscapeRight";
				IPHONEOS_DEPLOYMENT_TARGET = 16.0;
				LD_RUNPATH_SEARCH_PATHS = (
					"$(inherited)",
					"@executable_path/Frameworks",
				);
				MARKETING_VERSION = 1.0;
				PRODUCT_BUNDLE_IDENTIFIER = "Nikita-Chekan.Landmarks";
				PRODUCT_NAME = "$(TARGET_NAME)";
				SWIFT_EMIT_LOC_STRINGS = YES;
				SWIFT_VERSION = 5.0;
				TARGETED_DEVICE_FAMILY = "1,2";
			};
			name = Release;
		};
/* End XCBuildConfiguration section */

/* Begin XCConfigurationList section */
		DABDAF9C29426AF6001BDC23 /* Build configuration list for PBXProject "Landmarks" */ = {
			isa = XCConfigurationList;
			buildConfigurations = (
				DABDAFAD29426AF8001BDC23 /* Debug */,
				DABDAFAE29426AF8001BDC23 /* Release */,
			);
			defaultConfigurationIsVisible = 0;
			defaultConfigurationName = Release;
		};
		DABDAFAF29426AF8001BDC23 /* Build configuration list for PBXNativeTarget "Landmarks" */ = {
			isa = XCConfigurationList;
			buildConfigurations = (
				DABDAFB029426AF8001BDC23 /* Debug */,
				DABDAFB129426AF8001BDC23 /* Release */,
			);
			defaultConfigurationIsVisible = 0;
			defaultConfigurationName = Release;
		};
/* End XCConfigurationList section */
	};
	rootObject = DABDAF9929426AF6001BDC23 /* Project object */;
}
